
Microsoft Visual Studio Solution File, Format Version 12.00
# Visual Studio 14
VisualStudioVersion = 14.0.25420.1
MinimumVisualStudioVersion = 10.0.40219.1
Project("{FAE04EC0-301F-11D3-BF4B-00C04F79EFBC}") = "HelloWorld", "HelloWorld\HelloWorld.csproj", "{08EC2E21-6F75-4B5E-9521-B42D638E8B35}"
EndProject
Project("{FAE04EC0-301F-11D3-BF4B-00C04F79EFBC}") = "HourGlass", "HourGlass\HourGlass.csproj", "{BC1B642D-3092-4948-9E37-FC70A21B1A6F}"
EndProject
Project("{FAE04EC0-301F-11D3-BF4B-00C04F79EFBC}") = "LoveLetter", "LoveLetter\LoveLetter.csproj", "{001C6290-60FB-4A8D-A228-3570EFB20924}"
EndProject
Global
	GlobalSection(SolutionConfigurationPlatforms) = preSolution
		Debug|Any CPU = Debug|Any CPU
		Release|Any CPU = Release|Any CPU
	EndGlobalSection
	GlobalSection(ProjectConfigurationPlatforms) = postSolution
		{08EC2E21-6F75-4B5E-9521-B42D638E8B35}.Debug|Any CPU.ActiveCfg = Debug|Any CPU
		{08EC2E21-6F75-4B5E-9521-B42D638E8B35}.Debug|Any CPU.Build.0 = Debug|Any CPU
		{08EC2E21-6F75-4B5E-9521-B42D638E8B35}.Release|Any CPU.ActiveCfg = Release|Any CPU
		{08EC2E21-6F75-4B5E-9521-B42D638E8B35}.Release|Any CPU.Build.0 = Release|Any CPU
		{BC1B642D-3092-4948-9E37-FC70A21B1A6F}.Debug|Any CPU.ActiveCfg = Debug|Any CPU
		{BC1B642D-3092-4948-9E37-FC70A21B1A6F}.Debug|Any CPU.Build.0 = Debug|Any CPU
		{BC1B642D-3092-4948-9E37-FC70A21B1A6F}.Release|Any CPU.ActiveCfg = Release|Any CPU
		{BC1B642D-3092-4948-9E37-FC70A21B1A6F}.Release|Any CPU.Build.0 = Release|Any CPU
		{001C6290-60FB-4A8D-A228-3570EFB20924}.Debug|Any CPU.ActiveCfg = Debug|Any CPU
		{001C6290-60FB-4A8D-A228-3570EFB20924}.Debug|Any CPU.Build.0 = Debug|Any CPU
		{001C6290-60FB-4A8D-A228-3570EFB20924}.Release|Any CPU.ActiveCfg = Release|Any CPU
		{001C6290-60FB-4A8D-A228-3570EFB20924}.Release|Any CPU.Build.0 = Release|Any CPU
	EndGlobalSection
	GlobalSection(SolutionProperties) = preSolution
		HideSolutionNode = FALSE
	EndGlobalSection
EndGlobal
